// !$*UTF8*$!
{
	archiveVersion = 1;
	classes = {
	};
	objectVersion = 50;
	objects = {

/* Begin PBXBuildFile section */
		F35771C824983E230009BD3F /* GLUT.framework in Frameworks */ = {isa = PBXBuildFile; fileRef = F35771C724983E230009BD3F /* GLUT.framework */; };
		F35771CA24983E290009BD3F /* OpenGL.framework in Frameworks */ = {isa = PBXBuildFile; fileRef = F35771C924983E290009BD3F /* OpenGL.framework */; };
		F35771DA24983E7D0009BD3F /* bullet.cpp in Sources */ = {isa = PBXBuildFile; fileRef = F35771CE24983E7C0009BD3F /* bullet.cpp */; };
		F35771DB24983E7D0009BD3F /* point.cpp in Sources */ = {isa = PBXBuildFile; fileRef = F35771CF24983E7C0009BD3F /* point.cpp */; };
		F35771DC24983E7D0009BD3F /* driver.cpp in Sources */ = {isa = PBXBuildFile; fileRef = F35771D024983E7C0009BD3F /* driver.cpp */; };
		F35771DD24983E7D0009BD3F /* uiInteract.cpp in Sources */ = {isa = PBXBuildFile; fileRef = F35771D124983E7C0009BD3F /* uiInteract.cpp */; };
		F35771DE24983E7D0009BD3F /* uiDraw.cpp in Sources */ = {isa = PBXBuildFile; fileRef = F35771D324983E7C0009BD3F /* uiDraw.cpp */; };
		F35771DF24983E7D0009BD3F /* rifle.cpp in Sources */ = {isa = PBXBuildFile; fileRef = F35771D524983E7C0009BD3F /* rifle.cpp */; };
		F35771E024983E7D0009BD3F /* game.cpp in Sources */ = {isa = PBXBuildFile; fileRef = F35771D624983E7C0009BD3F /* game.cpp */; };
		F35771E124983E7D0009BD3F /* velocity.cpp in Sources */ = {isa = PBXBuildFile; fileRef = F35771D924983E7C0009BD3F /* velocity.cpp */; };
		F35771E42498418D0009BD3F /* bird.cpp in Sources */ = {isa = PBXBuildFile; fileRef = F35771E22498418D0009BD3F /* bird.cpp */; };
		F35771E7249881A50009BD3F /* flying.cpp in Sources */ = {isa = PBXBuildFile; fileRef = F35771E6249881A50009BD3F /* flying.cpp */; };
/* End PBXBuildFile section */

/* Begin PBXCopyFilesBuildPhase section */
		F35771BA24983E1B0009BD3F /* CopyFiles */ = {
			isa = PBXCopyFilesBuildPhase;
			buildActionMask = 2147483647;
			dstPath = /usr/share/man/man1/;
			dstSubfolderSpec = 0;
			files = (
			);
			runOnlyForDeploymentPostprocessing = 1;
		};
/* End PBXCopyFilesBuildPhase section */

/* Begin PBXFileReference section */
		F35771BC24983E1B0009BD3F /* Skeet */ = {isa = PBXFileReference; explicitFileType = "compiled.mach-o.executable"; includeInIndex = 0; path = Skeet; sourceTree = BUILT_PRODUCTS_DIR; };
		F35771C724983E230009BD3F /* GLUT.framework */ = {isa = PBXFileReference; lastKnownFileType = wrapper.framework; name = GLUT.framework; path = System/Library/Frameworks/GLUT.framework; sourceTree = SDKROOT; };
		F35771C924983E290009BD3F /* OpenGL.framework */ = {isa = PBXFileReference; lastKnownFileType = wrapper.framework; name = OpenGL.framework; path = System/Library/Frameworks/OpenGL.framework; sourceTree = SDKROOT; };
		F35771CB24983E7C0009BD3F /* point.h */ = {isa = PBXFileReference; fileEncoding = 4; lastKnownFileType = sourcecode.c.h; path = point.h; sourceTree = "<group>"; };
		F35771CC24983E7C0009BD3F /* game.h */ = {isa = PBXFileReference; fileEncoding = 4; lastKnownFileType = sourcecode.c.h; path = game.h; sourceTree = "<group>"; };
		F35771CD24983E7C0009BD3F /* rifle.h */ = {isa = PBXFileReference; fileEncoding = 4; lastKnownFileType = sourcecode.c.h; path = rifle.h; sourceTree = "<group>"; };
		F35771CE24983E7C0009BD3F /* bullet.cpp */ = {isa = PBXFileReference; fileEncoding = 4; lastKnownFileType = sourcecode.cpp.cpp; path = bullet.cpp; sourceTree = "<group>"; };
		F35771CF24983E7C0009BD3F /* point.cpp */ = {isa = PBXFileReference; fileEncoding = 4; lastKnownFileType = sourcecode.cpp.cpp; path = point.cpp; sourceTree = "<group>"; };
		F35771D024983E7C0009BD3F /* driver.cpp */ = {isa = PBXFileReference; fileEncoding = 4; lastKnownFileType = sourcecode.cpp.cpp; path = driver.cpp; sourceTree = "<group>"; };
		F35771D124983E7C0009BD3F /* uiInteract.cpp */ = {isa = PBXFileReference; fileEncoding = 4; lastKnownFileType = sourcecode.cpp.cpp; path = uiInteract.cpp; sourceTree = "<group>"; };
		F35771D224983E7C0009BD3F /* bullet.h */ = {isa = PBXFileReference; fileEncoding = 4; lastKnownFileType = sourcecode.c.h; path = bullet.h; sourceTree = "<group>"; };
		F35771D324983E7C0009BD3F /* uiDraw.cpp */ = {isa = PBXFileReference; fileEncoding = 4; lastKnownFileType = sourcecode.cpp.cpp; path = uiDraw.cpp; sourceTree = "<group>"; };
		F35771D424983E7C0009BD3F /* uiInteract.h */ = {isa = PBXFileReference; fileEncoding = 4; lastKnownFileType = sourcecode.c.h; path = uiInteract.h; sourceTree = "<group>"; };
		F35771D524983E7C0009BD3F /* rifle.cpp */ = {isa = PBXFileReference; fileEncoding = 4; lastKnownFileType = sourcecode.cpp.cpp; path = rifle.cpp; sourceTree = "<group>"; };
		F35771D624983E7C0009BD3F /* game.cpp */ = {isa = PBXFileReference; fileEncoding = 4; lastKnownFileType = sourcecode.cpp.cpp; path = game.cpp; sourceTree = "<group>"; };
		F35771D724983E7C0009BD3F /* velocity.h */ = {isa = PBXFileReference; fileEncoding = 4; lastKnownFileType = sourcecode.c.h; path = velocity.h; sourceTree = "<group>"; };
		F35771D824983E7C0009BD3F /* uiDraw.h */ = {isa = PBXFileReference; fileEncoding = 4; lastKnownFileType = sourcecode.c.h; path = uiDraw.h; sourceTree = "<group>"; };
		F35771D924983E7C0009BD3F /* velocity.cpp */ = {isa = PBXFileReference; fileEncoding = 4; lastKnownFileType = sourcecode.cpp.cpp; path = velocity.cpp; sourceTree = "<group>"; };
		F35771E22498418D0009BD3F /* bird.cpp */ = {isa = PBXFileReference; lastKnownFileType = sourcecode.cpp.cpp; path = bird.cpp; sourceTree = "<group>"; };
		F35771E32498418D0009BD3F /* bird.h */ = {isa = PBXFileReference; lastKnownFileType = sourcecode.c.h; path = bird.h; sourceTree = "<group>"; };
		F35771E524987BF00009BD3F /* flying.h */ = {isa = PBXFileReference; lastKnownFileType = sourcecode.c.h; path = flying.h; sourceTree = "<group>"; };
		F35771E6249881A50009BD3F /* flying.cpp */ = {isa = PBXFileReference; lastKnownFileType = sourcecode.cpp.cpp; path = flying.cpp; sourceTree = "<group>"; };
/* End PBXFileReference section */

/* Begin PBXFrameworksBuildPhase section */
		F35771B924983E1B0009BD3F /* Frameworks */ = {
			isa = PBXFrameworksBuildPhase;
			buildActionMask = 2147483647;
			files = (
				F35771C824983E230009BD3F /* GLUT.framework in Frameworks */,
				F35771CA24983E290009BD3F /* OpenGL.framework in Frameworks */,
			);
			runOnlyForDeploymentPostprocessing = 0;
		};
/* End PBXFrameworksBuildPhase section */

/* Begin PBXGroup section */
		F35771B324983E1B0009BD3F = {
			isa = PBXGroup;
			children = (
				F35771BE24983E1B0009BD3F /* Skeet */,
				F35771BD24983E1B0009BD3F /* Products */,
				F35771C624983E230009BD3F /* Frameworks */,
			);
			sourceTree = "<group>";
		};
		F35771BD24983E1B0009BD3F /* Products */ = {
			isa = PBXGroup;
			children = (
				F35771BC24983E1B0009BD3F /* Skeet */,
			);
			name = Products;
			sourceTree = "<group>";
		};
		F35771BE24983E1B0009BD3F /* Skeet */ = {
			isa = PBXGroup;
			children = (
				F35771CE24983E7C0009BD3F /* bullet.cpp */,
				F35771D224983E7C0009BD3F /* bullet.h */,
				F35771D024983E7C0009BD3F /* driver.cpp */,
				F35771D624983E7C0009BD3F /* game.cpp */,
				F35771CC24983E7C0009BD3F /* game.h */,
				F35771CF24983E7C0009BD3F /* point.cpp */,
				F35771CB24983E7C0009BD3F /* point.h */,
				F35771D524983E7C0009BD3F /* rifle.cpp */,
				F35771CD24983E7C0009BD3F /* rifle.h */,
				F35771D324983E7C0009BD3F /* uiDraw.cpp */,
				F35771D824983E7C0009BD3F /* uiDraw.h */,
				F35771D124983E7C0009BD3F /* uiInteract.cpp */,
				F35771D424983E7C0009BD3F /* uiInteract.h */,
				F35771D924983E7C0009BD3F /* velocity.cpp */,
				F35771D724983E7C0009BD3F /* velocity.h */,
				F35771E22498418D0009BD3F /* bird.cpp */,
				F35771E32498418D0009BD3F /* bird.h */,
				F35771E524987BF00009BD3F /* flying.h */,
				F35771E6249881A50009BD3F /* flying.cpp */,
			);
			path = Skeet;
			sourceTree = "<group>";
		};
		F35771C624983E230009BD3F /* Frameworks */ = {
			isa = PBXGroup;
			children = (
				F35771C924983E290009BD3F /* OpenGL.framework */,
				F35771C724983E230009BD3F /* GLUT.framework */,
			);
			name = Frameworks;
			sourceTree = "<group>";
		};
/* End PBXGroup section */

/* Begin PBXNativeTarget section */
		F35771BB24983E1B0009BD3F /* Skeet */ = {
			isa = PBXNativeTarget;
			buildConfigurationList = F35771C324983E1B0009BD3F /* Build configuration list for PBXNativeTarget "Skeet" */;
			buildPhases = (
				F35771B824983E1B0009BD3F /* Sources */,
				F35771B924983E1B0009BD3F /* Frameworks */,
				F35771BA24983E1B0009BD3F /* CopyFiles */,
			);
			buildRules = (
			);
			dependencies = (
			);
			name = Skeet;
			productName = Skeet;
			productReference = F35771BC24983E1B0009BD3F /* Skeet */;
			productType = "com.apple.product-type.tool";
		};
/* End PBXNativeTarget section */

/* Begin PBXProject section */
		F35771B424983E1B0009BD3F /* Project object */ = {
			isa = PBXProject;
			attributes = {
				LastUpgradeCheck = 1150;
				ORGANIZATIONNAME = "Baden Hanchett";
				TargetAttributes = {
					F35771BB24983E1B0009BD3F = {
						CreatedOnToolsVersion = 11.5;
					};
				};
			};
			buildConfigurationList = F35771B724983E1B0009BD3F /* Build configuration list for PBXProject "Skeet" */;
			compatibilityVersion = "Xcode 9.3";
			developmentRegion = en;
			hasScannedForEncodings = 0;
			knownRegions = (
				en,
				Base,
			);
			mainGroup = F35771B324983E1B0009BD3F;
			productRefGroup = F35771BD24983E1B0009BD3F /* Products */;
			projectDirPath = "";
			projectRoot = "";
			targets = (
				F35771BB24983E1B0009BD3F /* Skeet */,
			);
		};
/* End PBXProject section */

/* Begin PBXSourcesBuildPhase section */
		F35771B824983E1B0009BD3F /* Sources */ = {
			isa = PBXSourcesBuildPhase;
			buildActionMask = 2147483647;
			files = (
				F35771DD24983E7D0009BD3F /* uiInteract.cpp in Sources */,
				F35771E7249881A50009BD3F /* flying.cpp in Sources */,
				F35771DA24983E7D0009BD3F /* bullet.cpp in Sources */,
				F35771E024983E7D0009BD3F /* game.cpp in Sources */,
				F35771DB24983E7D0009BD3F /* point.cpp in Sources */,
				F35771DC24983E7D0009BD3F /* driver.cpp in Sources */,
				F35771DF24983E7D0009BD3F /* rifle.cpp in Sources */,
				F35771E124983E7D0009BD3F /* velocity.cpp in Sources */,
				F35771E42498418D0009BD3F /* bird.cpp in Sources */,
				F35771DE24983E7D0009BD3F /* uiDraw.cpp in Sources */,
			);
			runOnlyForDeploymentPostprocessing = 0;
		};
/* End PBXSourcesBuildPhase section */

/* Begin XCBuildConfiguration section */
		F35771C124983E1B0009BD3F /* Debug */ = {
			isa = XCBuildConfiguration;
			buildSettings = {
				ALWAYS_SEARCH_USER_PATHS = NO;
				CLANG_ANALYZER_NONNULL = YES;
				CLANG_ANALYZER_NUMBER_OBJECT_CONVERSION = YES_AGGRESSIVE;
				CLANG_CXX_LANGUAGE_STANDARD = "gnu++14";
				CLANG_CXX_LIBRARY = "libc++";
				CLANG_ENABLE_MODULES = YES;
				CLANG_ENABLE_OBJC_ARC = YES;
				CLANG_ENABLE_OBJC_WEAK = YES;
				CLANG_WARN_BLOCK_CAPTURE_AUTORELEASING = YES;
				CLANG_WARN_BOOL_CONVERSION = YES;
				CLANG_WARN_COMMA = YES;
				CLANG_WARN_CONSTANT_CONVERSION = YES;
				CLANG_WARN_DEPRECATED_OBJC_IMPLEMENTATIONS = YES;
				CLANG_WARN_DIRECT_OBJC_ISA_USAGE = YES_ERROR;
				CLANG_WARN_DOCUMENTATION_COMMENTS = YES;
				CLANG_WARN_EMPTY_BODY = YES;
				CLANG_WARN_ENUM_CONVERSION = YES;
				CLANG_WARN_INFINITE_RECURSION = YES;
				CLANG_WARN_INT_CONVERSION = YES;
				CLANG_WARN_NON_LITERAL_NULL_CONVERSION = YES;
				CLANG_WARN_OBJC_IMPLICIT_RETAIN_SELF = YES;
				CLANG_WARN_OBJC_LITERAL_CONVERSION = YES;
				CLANG_WARN_OBJC_ROOT_CLASS = YES_ERROR;
				CLANG_WARN_RANGE_LOOP_ANALYSIS = YES;
				CLANG_WARN_STRICT_PROTOTYPES = YES;
				CLANG_WARN_SUSPICIOUS_MOVE = YES;
				CLANG_WARN_UNGUARDED_AVAILABILITY = YES_AGGRESSIVE;
				CLANG_WARN_UNREACHABLE_CODE = YES;
				CLANG_WARN__DUPLICATE_METHOD_MATCH = YES;
				COPY_PHASE_STRIP = NO;
				DEBUG_INFORMATION_FORMAT = dwarf;
				ENABLE_STRICT_OBJC_MSGSEND = YES;
				ENABLE_TESTABILITY = YES;
				GCC_C_LANGUAGE_STANDARD = gnu11;
				GCC_DYNAMIC_NO_PIC = NO;
				GCC_NO_COMMON_BLOCKS = YES;
				GCC_OPTIMIZATION_LEVEL = 0;
				GCC_PREPROCESSOR_DEFINITIONS = (
					"DEBUG=1",
					"$(inherited)",
				);
				GCC_WARN_64_TO_32_BIT_CONVERSION = YES;
				GCC_WARN_ABOUT_RETURN_TYPE = YES_ERROR;
				GCC_WARN_UNDECLARED_SELECTOR = YES;
				GCC_WARN_UNINITIALIZED_AUTOS = YES_AGGRESSIVE;
				GCC_WARN_UNUSED_FUNCTION = YES;
				GCC_WARN_UNUSED_VARIABLE = YES;
				MACOSX_DEPLOYMENT_TARGET = 10.15;
				MTL_ENABLE_DEBUG_INFO = INCLUDE_SOURCE;
				MTL_FAST_MATH = YES;
				ONLY_ACTIVE_ARCH = YES;
				SDKROOT = macosx;
			};
			name = Debug;
		};
		F35771C224983E1B0009BD3F /* Release */ = {
			isa = XCBuildConfiguration;
			buildSettings = {
				ALWAYS_SEARCH_USER_PATHS = NO;
				CLANG_ANALYZER_NONNULL = YES;
				CLANG_ANALYZER_NUMBER_OBJECT_CONVERSION = YES_AGGRESSIVE;
				CLANG_CXX_LANGUAGE_STANDARD = "gnu++14";
				CLANG_CXX_LIBRARY = "libc++";
				CLANG_ENABLE_MODULES = YES;
				CLANG_ENABLE_OBJC_ARC = YES;
				CLANG_ENABLE_OBJC_WEAK = YES;
				CLANG_WARN_BLOCK_CAPTURE_AUTORELEASING = YES;
				CLANG_WARN_BOOL_CONVERSION = YES;
				CLANG_WARN_COMMA = YES;
				CLANG_WARN_CONSTANT_CONVERSION = YES;
				CLANG_WARN_DEPRECATED_OBJC_IMPLEMENTATIONS = YES;
				CLANG_WARN_DIRECT_OBJC_ISA_USAGE = YES_ERROR;
				CLANG_WARN_DOCUMENTATION_COMMENTS = YES;
				CLANG_WARN_EMPTY_BODY = YES;
				CLANG_WARN_ENUM_CONVERSION = YES;
				CLANG_WARN_INFINITE_RECURSION = YES;
				CLANG_WARN_INT_CONVERSION = YES;
				CLANG_WARN_NON_LITERAL_NULL_CONVERSION = YES;
				CLANG_WARN_OBJC_IMPLICIT_RETAIN_SELF = YES;
				CLANG_WARN_OBJC_LITERAL_CONVERSION = YES;
				CLANG_WARN_OBJC_ROOT_CLASS = YES_ERROR;
				CLANG_WARN_RANGE_LOOP_ANALYSIS = YES;
				CLANG_WARN_STRICT_PROTOTYPES = YES;
				CLANG_WARN_SUSPICIOUS_MOVE = YES;
				CLANG_WARN_UNGUARDED_AVAILABILITY = YES_AGGRESSIVE;
				CLANG_WARN_UNREACHABLE_CODE = YES;
				CLANG_WARN__DUPLICATE_METHOD_MATCH = YES;
				COPY_PHASE_STRIP = NO;
				DEBUG_INFORMATION_FORMAT = "dwarf-with-dsym";
				ENABLE_NS_ASSERTIONS = NO;
				ENABLE_STRICT_OBJC_MSGSEND = YES;
				GCC_C_LANGUAGE_STANDARD = gnu11;
				GCC_NO_COMMON_BLOCKS = YES;
				GCC_WARN_64_TO_32_BIT_CONVERSION = YES;
				GCC_WARN_ABOUT_RETURN_TYPE = YES_ERROR;
				GCC_WARN_UNDECLARED_SELECTOR = YES;
				GCC_WARN_UNINITIALIZED_AUTOS = YES_AGGRESSIVE;
				GCC_WARN_UNUSED_FUNCTION = YES;
				GCC_WARN_UNUSED_VARIABLE = YES;
				MACOSX_DEPLOYMENT_TARGET = 10.15;
				MTL_ENABLE_DEBUG_INFO = NO;
				MTL_FAST_MATH = YES;
				SDKROOT = macosx;
			};
			name = Release;
		};
		F35771C424983E1B0009BD3F /* Debug */ = {
			isa = XCBuildConfiguration;
			buildSettings = {
				CODE_SIGN_STYLE = Automatic;
				DEVELOPMENT_TEAM = Z5QDGZ7KW5;
				ENABLE_HARDENED_RUNTIME = YES;
				PRODUCT_NAME = "$(TARGET_NAME)";
			};
			name = Debug;
		};
		F35771C524983E1B0009BD3F /* Release */ = {
			isa = XCBuildConfiguration;
			buildSettings = {
				CODE_SIGN_STYLE = Automatic;
				DEVELOPMENT_TEAM = Z5QDGZ7KW5;
				ENABLE_HARDENED_RUNTIME = YES;
				PRODUCT_NAME = "$(TARGET_NAME)";
			};
			name = Release;
		};
/* End XCBuildConfiguration section */

/* Begin XCConfigurationList section */
		F35771B724983E1B0009BD3F /* Build configuration list for PBXProject "Skeet" */ = {
			isa = XCConfigurationList;
			buildConfigurations = (
				F35771C124983E1B0009BD3F /* Debug */,
				F35771C224983E1B0009BD3F /* Release */,
			);
			defaultConfigurationIsVisible = 0;
			defaultConfigurationName = Release;
		};
		F35771C324983E1B0009BD3F /* Build configuration list for PBXNativeTarget "Skeet" */ = {
			isa = XCConfigurationList;
			buildConfigurations = (
				F35771C424983E1B0009BD3F /* Debug */,
				F35771C524983E1B0009BD3F /* Release */,
			);
			defaultConfigurationIsVisible = 0;
			defaultConfigurationName = Release;
		};
/* End XCConfigurationList section */
	};
	rootObject = F35771B424983E1B0009BD3F /* Project object */;
}
